
Microsoft Visual Studio Solution File, Format Version 12.00
# Visual Studio 15
VisualStudioVersion = 15.0.26124.0
MinimumVisualStudioVersion = 15.0.26124.0
Project("{2150E333-8FDC-42A3-9474-1A3956D46DE8}") = "src", "src", "{D6C2482B-E08E-459E-A757-606C89585E4E}"
EndProject
Project("{F2A71F9B-5D33-465A-A702-920D77279786}") = "Lib", "src\Lib\Lib.fsproj", "{301E70AD-A29F-44FA-91C5-1D32A7D6D4E2}"
EndProject
Project("{F2A71F9B-5D33-465A-A702-920D77279786}") = "App", "src\App\App.fsproj", "{9044D772-60F9-4AC2-ABFE-EFBA7F2E7754}"
EndProject
Global
	GlobalSection(SolutionConfigurationPlatforms) = preSolution
		Debug|Any CPU = Debug|Any CPU
		Debug|x64 = Debug|x64
		Debug|x86 = Debug|x86
		Release|Any CPU = Release|Any CPU
		Release|x64 = Release|x64
		Release|x86 = Release|x86
	EndGlobalSection
	GlobalSection(SolutionProperties) = preSolution
		HideSolutionNode = FALSE
	EndGlobalSection
	GlobalSection(ProjectConfigurationPlatforms) = postSolution
		{301E70AD-A29F-44FA-91C5-1D32A7D6D4E2}.Debug|Any CPU.ActiveCfg = Debug|Any CPU
		{301E70AD-A29F-44FA-91C5-1D32A7D6D4E2}.Debug|Any CPU.Build.0 = Debug|Any CPU
		{301E70AD-A29F-44FA-91C5-1D32A7D6D4E2}.Debug|x64.ActiveCfg = Debug|Any CPU
		{301E70AD-A29F-44FA-91C5-1D32A7D6D4E2}.Debug|x64.Build.0 = Debug|Any CPU
		{301E70AD-A29F-44FA-91C5-1D32A7D6D4E2}.Debug|x86.ActiveCfg = Debug|Any CPU
		{301E70AD-A29F-44FA-91C5-1D32A7D6D4E2}.Debug|x86.Build.0 = Debug|Any CPU
		{301E70AD-A29F-44FA-91C5-1D32A7D6D4E2}.Release|Any CPU.ActiveCfg = Release|Any CPU
		{301E70AD-A29F-44FA-91C5-1D32A7D6D4E2}.Release|Any CPU.Build.0 = Release|Any CPU
		{301E70AD-A29F-44FA-91C5-1D32A7D6D4E2}.Release|x64.ActiveCfg = Release|Any CPU
		{301E70AD-A29F-44FA-91C5-1D32A7D6D4E2}.Release|x64.Build.0 = Release|Any CPU
		{301E70AD-A29F-44FA-91C5-1D32A7D6D4E2}.Release|x86.ActiveCfg = Release|Any CPU
		{301E70AD-A29F-44FA-91C5-1D32A7D6D4E2}.Release|x86.Build.0 = Release|Any CPU
		{9044D772-60F9-4AC2-ABFE-EFBA7F2E7754}.Debug|Any CPU.ActiveCfg = Debug|Any CPU
		{9044D772-60F9-4AC2-ABFE-EFBA7F2E7754}.Debug|Any CPU.Build.0 = Debug|Any CPU
		{9044D772-60F9-4AC2-ABFE-EFBA7F2E7754}.Debug|x64.ActiveCfg = Debug|Any CPU
		{9044D772-60F9-4AC2-ABFE-EFBA7F2E7754}.Debug|x64.Build.0 = Debug|Any CPU
		{9044D772-60F9-4AC2-ABFE-EFBA7F2E7754}.Debug|x86.ActiveCfg = Debug|Any CPU
		{9044D772-60F9-4AC2-ABFE-EFBA7F2E7754}.Debug|x86.Build.0 = Debug|Any CPU
		{9044D772-60F9-4AC2-ABFE-EFBA7F2E7754}.Release|Any CPU.ActiveCfg = Release|Any CPU
		{9044D772-60F9-4AC2-ABFE-EFBA7F2E7754}.Release|Any CPU.Build.0 = Release|Any CPU
		{9044D772-60F9-4AC2-ABFE-EFBA7F2E7754}.Release|x64.ActiveCfg = Release|Any CPU
		{9044D772-60F9-4AC2-ABFE-EFBA7F2E7754}.Release|x64.Build.0 = Release|Any CPU
		{9044D772-60F9-4AC2-ABFE-EFBA7F2E7754}.Release|x86.ActiveCfg = Release|Any CPU
		{9044D772-60F9-4AC2-ABFE-EFBA7F2E7754}.Release|x86.Build.0 = Release|Any CPU
	EndGlobalSection
	GlobalSection(NestedProjects) = preSolution
		{301E70AD-A29F-44FA-91C5-1D32A7D6D4E2} = {D6C2482B-E08E-459E-A757-606C89585E4E}
		{9044D772-60F9-4AC2-ABFE-EFBA7F2E7754} = {D6C2482B-E08E-459E-A757-606C89585E4E}
	EndGlobalSection
EndGlobal
